// !$*UTF8*$!
{
	archiveVersion = 1;
	classes = {
	};
	objectVersion = 56;
	objects = {

/* Begin PBXBuildFile section */
		045E214729F7931800D85EA2 /* CafeteriaDetailView.swift in Sources */ = {isa = PBXBuildFile; fileRef = 045E214629F7931800D85EA2 /* CafeteriaDetailView.swift */; };
		045E214929F793EA00D85EA2 /* Menu.swift in Sources */ = {isa = PBXBuildFile; fileRef = 045E214829F793EA00D85EA2 /* Menu.swift */; };
		045E214D29F7A48B00D85EA2 /* MenuList.swift in Sources */ = {isa = PBXBuildFile; fileRef = 045E214C29F7A48B00D85EA2 /* MenuList.swift */; };
		045E214F29F7A78A00D85EA2 /* Cafeteria.swift in Sources */ = {isa = PBXBuildFile; fileRef = 045E214E29F7A78A00D85EA2 /* Cafeteria.swift */; };
		0461083F29F726BC0069DB75 /* AFL3_0706012110020_DavinaTW_PoSApp.swift in Sources */ = {isa = PBXBuildFile; fileRef = 0461083E29F726BC0069DB75 /* AFL3_0706012110020_DavinaTW_PoSApp.swift */; };
		0461084129F726BC0069DB75 /* ContentView.swift in Sources */ = {isa = PBXBuildFile; fileRef = 0461084029F726BC0069DB75 /* ContentView.swift */; };
		0461084329F726BE0069DB75 /* Assets.xcassets in Resources */ = {isa = PBXBuildFile; fileRef = 0461084229F726BE0069DB75 /* Assets.xcassets */; };
		0461084629F726BE0069DB75 /* Preview Assets.xcassets in Resources */ = {isa = PBXBuildFile; fileRef = 0461084529F726BE0069DB75 /* Preview Assets.xcassets */; };
		0461084D29F72AAB0069DB75 /* CafeteriaList.swift in Sources */ = {isa = PBXBuildFile; fileRef = 0461084C29F72AAB0069DB75 /* CafeteriaList.swift */; };
		0461085129F72BA90069DB75 /* ShoppingCartView.swift in Sources */ = {isa = PBXBuildFile; fileRef = 0461085029F72BA90069DB75 /* ShoppingCartView.swift */; };
		047CAB9929F8D952005CF41D /* CafeteriaRow.swift in Sources */ = {isa = PBXBuildFile; fileRef = 047CAB9829F8D952005CF41D /* CafeteriaRow.swift */; };
		047CAB9E29F8E3FD005CF41D /* ModelData.swift in Sources */ = {isa = PBXBuildFile; fileRef = 047CAB9D29F8E3FD005CF41D /* ModelData.swift */; };
		047CABA029F94BC0005CF41D /* CartCard.swift in Sources */ = {isa = PBXBuildFile; fileRef = 047CAB9F29F94BC0005CF41D /* CartCard.swift */; };
		047CABA229F94D26005CF41D /* CartList.swift in Sources */ = {isa = PBXBuildFile; fileRef = 047CABA129F94D26005CF41D /* CartList.swift */; };
		047CABA829F955C1005CF41D /* MenuRow.swift in Sources */ = {isa = PBXBuildFile; fileRef = 047CABA729F955C1005CF41D /* MenuRow.swift */; };
		047CABAC29F95FE4005CF41D /* Item.swift in Sources */ = {isa = PBXBuildFile; fileRef = 047CABAB29F95FE4005CF41D /* Item.swift */; };
		04D2F30F29FA080800CCCBD6 /* CheckoutView.swift in Sources */ = {isa = PBXBuildFile; fileRef = 04D2F30E29FA080800CCCBD6 /* CheckoutView.swift */; };
/* End PBXBuildFile section */

/* Begin PBXFileReference section */
		045E214629F7931800D85EA2 /* CafeteriaDetailView.swift */ = {isa = PBXFileReference; lastKnownFileType = sourcecode.swift; path = CafeteriaDetailView.swift; sourceTree = "<group>"; };
		045E214829F793EA00D85EA2 /* Menu.swift */ = {isa = PBXFileReference; lastKnownFileType = sourcecode.swift; path = Menu.swift; sourceTree = "<group>"; };
		045E214C29F7A48B00D85EA2 /* MenuList.swift */ = {isa = PBXFileReference; lastKnownFileType = sourcecode.swift; path = MenuList.swift; sourceTree = "<group>"; };
		045E214E29F7A78A00D85EA2 /* Cafeteria.swift */ = {isa = PBXFileReference; lastKnownFileType = sourcecode.swift; path = Cafeteria.swift; sourceTree = "<group>"; };
		0461083B29F726BC0069DB75 /* AFL3-0706012110020-DavinaTW-PoS.app */ = {isa = PBXFileReference; explicitFileType = wrapper.application; includeInIndex = 0; path = "AFL3-0706012110020-DavinaTW-PoS.app"; sourceTree = BUILT_PRODUCTS_DIR; };
		0461083E29F726BC0069DB75 /* AFL3_0706012110020_DavinaTW_PoSApp.swift */ = {isa = PBXFileReference; lastKnownFileType = sourcecode.swift; path = AFL3_0706012110020_DavinaTW_PoSApp.swift; sourceTree = "<group>"; };
		0461084029F726BC0069DB75 /* ContentView.swift */ = {isa = PBXFileReference; lastKnownFileType = sourcecode.swift; path = ContentView.swift; sourceTree = "<group>"; };
		0461084229F726BE0069DB75 /* Assets.xcassets */ = {isa = PBXFileReference; lastKnownFileType = folder.assetcatalog; path = Assets.xcassets; sourceTree = "<group>"; };
		0461084529F726BE0069DB75 /* Preview Assets.xcassets */ = {isa = PBXFileReference; lastKnownFileType = folder.assetcatalog; path = "Preview Assets.xcassets"; sourceTree = "<group>"; };
		0461084C29F72AAB0069DB75 /* CafeteriaList.swift */ = {isa = PBXFileReference; lastKnownFileType = sourcecode.swift; path = CafeteriaList.swift; sourceTree = "<group>"; };
		0461085029F72BA90069DB75 /* ShoppingCartView.swift */ = {isa = PBXFileReference; lastKnownFileType = sourcecode.swift; path = ShoppingCartView.swift; sourceTree = "<group>"; };
		047CAB9829F8D952005CF41D /* CafeteriaRow.swift */ = {isa = PBXFileReference; lastKnownFileType = sourcecode.swift; path = CafeteriaRow.swift; sourceTree = "<group>"; };
		047CAB9D29F8E3FD005CF41D /* ModelData.swift */ = {isa = PBXFileReference; lastKnownFileType = sourcecode.swift; path = ModelData.swift; sourceTree = "<group>"; };
		047CAB9F29F94BC0005CF41D /* CartCard.swift */ = {isa = PBXFileReference; lastKnownFileType = sourcecode.swift; path = CartCard.swift; sourceTree = "<group>"; };
		047CABA129F94D26005CF41D /* CartList.swift */ = {isa = PBXFileReference; lastKnownFileType = sourcecode.swift; path = CartList.swift; sourceTree = "<group>"; };
		047CABA729F955C1005CF41D /* MenuRow.swift */ = {isa = PBXFileReference; lastKnownFileType = sourcecode.swift; path = MenuRow.swift; sourceTree = "<group>"; };
		047CABAB29F95FE4005CF41D /* Item.swift */ = {isa = PBXFileReference; lastKnownFileType = sourcecode.swift; path = Item.swift; sourceTree = "<group>"; };
		04D2F30E29FA080800CCCBD6 /* CheckoutView.swift */ = {isa = PBXFileReference; lastKnownFileType = sourcecode.swift; path = CheckoutView.swift; sourceTree = "<group>"; };
/* End PBXFileReference section */

/* Begin PBXFrameworksBuildPhase section */
		0461083829F726BC0069DB75 /* Frameworks */ = {
			isa = PBXFrameworksBuildPhase;
			buildActionMask = 2147483647;
			files = (
			);
			runOnlyForDeploymentPostprocessing = 0;
		};
/* End PBXFrameworksBuildPhase section */

/* Begin PBXGroup section */
		0461083229F726BC0069DB75 = {
			isa = PBXGroup;
			children = (
				0461083D29F726BC0069DB75 /* AFL3-0706012110020-DavinaTW-PoS */,
				0461083C29F726BC0069DB75 /* Products */,
			);
			sourceTree = "<group>";
		};
		0461083C29F726BC0069DB75 /* Products */ = {
			isa = PBXGroup;
			children = (
				0461083B29F726BC0069DB75 /* AFL3-0706012110020-DavinaTW-PoS.app */,
			);
			name = Products;
			sourceTree = "<group>";
		};
		0461083D29F726BC0069DB75 /* AFL3-0706012110020-DavinaTW-PoS */ = {
			isa = PBXGroup;
			children = (
				0461085229F730300069DB75 /* Model */,
				0461084F29F72B560069DB75 /* Views */,
				0461083E29F726BC0069DB75 /* AFL3_0706012110020_DavinaTW_PoSApp.swift */,
				0461084229F726BE0069DB75 /* Assets.xcassets */,
				0461084429F726BE0069DB75 /* Preview Content */,
			);
			path = "AFL3-0706012110020-DavinaTW-PoS";
			sourceTree = "<group>";
		};
		0461084429F726BE0069DB75 /* Preview Content */ = {
			isa = PBXGroup;
			children = (
				0461084529F726BE0069DB75 /* Preview Assets.xcassets */,
			);
			path = "Preview Content";
			sourceTree = "<group>";
		};
		0461084F29F72B560069DB75 /* Views */ = {
			isa = PBXGroup;
			children = (
				04D2F30D29FA07EC00CCCBD6 /* Payment */,
				047CAB9C29F8D990005CF41D /* ShoppingCart */,
				047CAB9B29F8D987005CF41D /* Menu */,
				047CAB9A29F8D97C005CF41D /* Cafeteria */,
				0461084029F726BC0069DB75 /* ContentView.swift */,
			);
			path = Views;
			sourceTree = "<group>";
		};
		0461085229F730300069DB75 /* Model */ = {
			isa = PBXGroup;
			children = (
				045E214829F793EA00D85EA2 /* Menu.swift */,
				045E214E29F7A78A00D85EA2 /* Cafeteria.swift */,
				047CAB9D29F8E3FD005CF41D /* ModelData.swift */,
				047CABAB29F95FE4005CF41D /* Item.swift */,
			);
			path = Model;
			sourceTree = "<group>";
		};
		047CAB9A29F8D97C005CF41D /* Cafeteria */ = {
			isa = PBXGroup;
			children = (
				0461084C29F72AAB0069DB75 /* CafeteriaList.swift */,
				047CAB9829F8D952005CF41D /* CafeteriaRow.swift */,
				045E214629F7931800D85EA2 /* CafeteriaDetailView.swift */,
			);
			path = Cafeteria;
			sourceTree = "<group>";
		};
		047CAB9B29F8D987005CF41D /* Menu */ = {
			isa = PBXGroup;
			children = (
				045E214C29F7A48B00D85EA2 /* MenuList.swift */,
				047CABA729F955C1005CF41D /* MenuRow.swift */,
			);
			path = Menu;
			sourceTree = "<group>";
		};
		047CAB9C29F8D990005CF41D /* ShoppingCart */ = {
			isa = PBXGroup;
			children = (
				0461085029F72BA90069DB75 /* ShoppingCartView.swift */,
				047CAB9F29F94BC0005CF41D /* CartCard.swift */,
				047CABA129F94D26005CF41D /* CartList.swift */,
			);
			path = ShoppingCart;
			sourceTree = "<group>";
		};
		04D2F30D29FA07EC00CCCBD6 /* Payment */ = {
			isa = PBXGroup;
			children = (
				04D2F30E29FA080800CCCBD6 /* CheckoutView.swift */,
			);
			path = Payment;
			sourceTree = "<group>";
		};
/* End PBXGroup section */

/* Begin PBXNativeTarget section */
		0461083A29F726BC0069DB75 /* AFL3-0706012110020-DavinaTW-PoS */ = {
			isa = PBXNativeTarget;
			buildConfigurationList = 0461084929F726BE0069DB75 /* Build configuration list for PBXNativeTarget "AFL3-0706012110020-DavinaTW-PoS" */;
			buildPhases = (
				0461083729F726BC0069DB75 /* Sources */,
				0461083829F726BC0069DB75 /* Frameworks */,
				0461083929F726BC0069DB75 /* Resources */,
			);
			buildRules = (
			);
			dependencies = (
			);
			name = "AFL3-0706012110020-DavinaTW-PoS";
			productName = "AFL3-0706012110020-DavinaTW-PoS";
			productReference = 0461083B29F726BC0069DB75 /* AFL3-0706012110020-DavinaTW-PoS.app */;
			productType = "com.apple.product-type.application";
		};
/* End PBXNativeTarget section */

/* Begin PBXProject section */
		0461083329F726BC0069DB75 /* Project object */ = {
			isa = PBXProject;
			attributes = {
				BuildIndependentTargetsInParallel = 1;
				LastSwiftUpdateCheck = 1420;
				LastUpgradeCheck = 1420;
				TargetAttributes = {
					0461083A29F726BC0069DB75 = {
						CreatedOnToolsVersion = 14.2;
					};
				};
			};
			buildConfigurationList = 0461083629F726BC0069DB75 /* Build configuration list for PBXProject "AFL3-0706012110020-DavinaTW-PoS" */;
			compatibilityVersion = "Xcode 14.0";
			developmentRegion = en;
			hasScannedForEncodings = 0;
			knownRegions = (
				en,
				Base,
			);
			mainGroup = 0461083229F726BC0069DB75;
			productRefGroup = 0461083C29F726BC0069DB75 /* Products */;
			projectDirPath = "";
			projectRoot = "";
			targets = (
				0461083A29F726BC0069DB75 /* AFL3-0706012110020-DavinaTW-PoS */,
			);
		};
/* End PBXProject section */

/* Begin PBXResourcesBuildPhase section */
		0461083929F726BC0069DB75 /* Resources */ = {
			isa = PBXResourcesBuildPhase;
			buildActionMask = 2147483647;
			files = (
				0461084629F726BE0069DB75 /* Preview Assets.xcassets in Resources */,
				0461084329F726BE0069DB75 /* Assets.xcassets in Resources */,
			);
			runOnlyForDeploymentPostprocessing = 0;
		};
/* End PBXResourcesBuildPhase section */

/* Begin PBXSourcesBuildPhase section */
		0461083729F726BC0069DB75 /* Sources */ = {
			isa = PBXSourcesBuildPhase;
			buildActionMask = 2147483647;
			files = (
				045E214929F793EA00D85EA2 /* Menu.swift in Sources */,
				047CABA829F955C1005CF41D /* MenuRow.swift in Sources */,
				04D2F30F29FA080800CCCBD6 /* CheckoutView.swift in Sources */,
				045E214729F7931800D85EA2 /* CafeteriaDetailView.swift in Sources */,
				047CABA229F94D26005CF41D /* CartList.swift in Sources */,
				0461084129F726BC0069DB75 /* ContentView.swift in Sources */,
				0461084D29F72AAB0069DB75 /* CafeteriaList.swift in Sources */,
				047CAB9929F8D952005CF41D /* CafeteriaRow.swift in Sources */,
				0461085129F72BA90069DB75 /* ShoppingCartView.swift in Sources */,
				047CAB9E29F8E3FD005CF41D /* ModelData.swift in Sources */,
				0461083F29F726BC0069DB75 /* AFL3_0706012110020_DavinaTW_PoSApp.swift in Sources */,
				047CABA029F94BC0005CF41D /* CartCard.swift in Sources */,
				045E214F29F7A78A00D85EA2 /* Cafeteria.swift in Sources */,
				045E214D29F7A48B00D85EA2 /* MenuList.swift in Sources */,
				047CABAC29F95FE4005CF41D /* Item.swift in Sources */,
			);
			runOnlyForDeploymentPostprocessing = 0;
		};
/* End PBXSourcesBuildPhase section */

/* Begin XCBuildConfiguration section */
		0461084729F726BE0069DB75 /* Debug */ = {
			isa = XCBuildConfiguration;
			buildSettings = {
				ALWAYS_SEARCH_USER_PATHS = NO;
				CLANG_ANALYZER_NONNULL = YES;
				CLANG_ANALYZER_NUMBER_OBJECT_CONVERSION = YES_AGGRESSIVE;
				CLANG_CXX_LANGUAGE_STANDARD = "gnu++20";
				CLANG_ENABLE_MODULES = YES;
				CLANG_ENABLE_OBJC_ARC = YES;
				CLANG_ENABLE_OBJC_WEAK = YES;
				CLANG_WARN_BLOCK_CAPTURE_AUTORELEASING = YES;
				CLANG_WARN_BOOL_CONVERSION = YES;
				CLANG_WARN_COMMA = YES;
				CLANG_WARN_CONSTANT_CONVERSION = YES;
				CLANG_WARN_DEPRECATED_OBJC_IMPLEMENTATIONS = YES;
				CLANG_WARN_DIRECT_OBJC_ISA_USAGE = YES_ERROR;
				CLANG_WARN_DOCUMENTATION_COMMENTS = YES;
				CLANG_WARN_EMPTY_BODY = YES;
				CLANG_WARN_ENUM_CONVERSION = YES;
				CLANG_WARN_INFINITE_RECURSION = YES;
				CLANG_WARN_INT_CONVERSION = YES;
				CLANG_WARN_NON_LITERAL_NULL_CONVERSION = YES;
				CLANG_WARN_OBJC_IMPLICIT_RETAIN_SELF = YES;
				CLANG_WARN_OBJC_LITERAL_CONVERSION = YES;
				CLANG_WARN_OBJC_ROOT_CLASS = YES_ERROR;
				CLANG_WARN_QUOTED_INCLUDE_IN_FRAMEWORK_HEADER = YES;
				CLANG_WARN_RANGE_LOOP_ANALYSIS = YES;
				CLANG_WARN_STRICT_PROTOTYPES = YES;
				CLANG_WARN_SUSPICIOUS_MOVE = YES;
				CLANG_WARN_UNGUARDED_AVAILABILITY = YES_AGGRESSIVE;
				CLANG_WARN_UNREACHABLE_CODE = YES;
				CLANG_WARN__DUPLICATE_METHOD_MATCH = YES;
				COPY_PHASE_STRIP = NO;
				DEBUG_INFORMATION_FORMAT = dwarf;
				ENABLE_STRICT_OBJC_MSGSEND = YES;
				ENABLE_TESTABILITY = YES;
				GCC_C_LANGUAGE_STANDARD = gnu11;
				GCC_DYNAMIC_NO_PIC = NO;
				GCC_NO_COMMON_BLOCKS = YES;
				GCC_OPTIMIZATION_LEVEL = 0;
				GCC_PREPROCESSOR_DEFINITIONS = (
					"DEBUG=1",
					"$(inherited)",
				);
				GCC_WARN_64_TO_32_BIT_CONVERSION = YES;
				GCC_WARN_ABOUT_RETURN_TYPE = YES_ERROR;
				GCC_WARN_UNDECLARED_SELECTOR = YES;
				GCC_WARN_UNINITIALIZED_AUTOS = YES_AGGRESSIVE;
				GCC_WARN_UNUSED_FUNCTION = YES;
				GCC_WARN_UNUSED_VARIABLE = YES;
				IPHONEOS_DEPLOYMENT_TARGET = 16.2;
				MTL_ENABLE_DEBUG_INFO = INCLUDE_SOURCE;
				MTL_FAST_MATH = YES;
				ONLY_ACTIVE_ARCH = YES;
				SDKROOT = iphoneos;
				SWIFT_ACTIVE_COMPILATION_CONDITIONS = DEBUG;
				SWIFT_OPTIMIZATION_LEVEL = "-Onone";
			};
			name = Debug;
		};
		0461084829F726BE0069DB75 /* Release */ = {
			isa = XCBuildConfiguration;
			buildSettings = {
				ALWAYS_SEARCH_USER_PATHS = NO;
				CLANG_ANALYZER_NONNULL = YES;
				CLANG_ANALYZER_NUMBER_OBJECT_CONVERSION = YES_AGGRESSIVE;
				CLANG_CXX_LANGUAGE_STANDARD = "gnu++20";
				CLANG_ENABLE_MODULES = YES;
				CLANG_ENABLE_OBJC_ARC = YES;
				CLANG_ENABLE_OBJC_WEAK = YES;
				CLANG_WARN_BLOCK_CAPTURE_AUTORELEASING = YES;
				CLANG_WARN_BOOL_CONVERSION = YES;
				CLANG_WARN_COMMA = YES;
				CLANG_WARN_CONSTANT_CONVERSION = YES;
				CLANG_WARN_DEPRECATED_OBJC_IMPLEMENTATIONS = YES;
				CLANG_WARN_DIRECT_OBJC_ISA_USAGE = YES_ERROR;
				CLANG_WARN_DOCUMENTATION_COMMENTS = YES;
				CLANG_WARN_EMPTY_BODY = YES;
				CLANG_WARN_ENUM_CONVERSION = YES;
				CLANG_WARN_INFINITE_RECURSION = YES;
				CLANG_WARN_INT_CONVERSION = YES;
				CLANG_WARN_NON_LITERAL_NULL_CONVERSION = YES;
				CLANG_WARN_OBJC_IMPLICIT_RETAIN_SELF = YES;
				CLANG_WARN_OBJC_LITERAL_CONVERSION = YES;
				CLANG_WARN_OBJC_ROOT_CLASS = YES_ERROR;
				CLANG_WARN_QUOTED_INCLUDE_IN_FRAMEWORK_HEADER = YES;
				CLANG_WARN_RANGE_LOOP_ANALYSIS = YES;
				CLANG_WARN_STRICT_PROTOTYPES = YES;
				CLANG_WARN_SUSPICIOUS_MOVE = YES;
				CLANG_WARN_UNGUARDED_AVAILABILITY = YES_AGGRESSIVE;
				CLANG_WARN_UNREACHABLE_CODE = YES;
				CLANG_WARN__DUPLICATE_METHOD_MATCH = YES;
				COPY_PHASE_STRIP = NO;
				DEBUG_INFORMATION_FORMAT = "dwarf-with-dsym";
				ENABLE_NS_ASSERTIONS = NO;
				ENABLE_STRICT_OBJC_MSGSEND = YES;
				GCC_C_LANGUAGE_STANDARD = gnu11;
				GCC_NO_COMMON_BLOCKS = YES;
				GCC_WARN_64_TO_32_BIT_CONVERSION = YES;
				GCC_WARN_ABOUT_RETURN_TYPE = YES_ERROR;
				GCC_WARN_UNDECLARED_SELECTOR = YES;
				GCC_WARN_UNINITIALIZED_AUTOS = YES_AGGRESSIVE;
				GCC_WARN_UNUSED_FUNCTION = YES;
				GCC_WARN_UNUSED_VARIABLE = YES;
				IPHONEOS_DEPLOYMENT_TARGET = 16.2;
				MTL_ENABLE_DEBUG_INFO = NO;
				MTL_FAST_MATH = YES;
				SDKROOT = iphoneos;
				SWIFT_COMPILATION_MODE = wholemodule;
				SWIFT_OPTIMIZATION_LEVEL = "-O";
				VALIDATE_PRODUCT = YES;
			};
			name = Release;
		};
		0461084A29F726BE0069DB75 /* Debug */ = {
			isa = XCBuildConfiguration;
			buildSettings = {
				ASSETCATALOG_COMPILER_APPICON_NAME = AppIcon;
				ASSETCATALOG_COMPILER_GLOBAL_ACCENT_COLOR_NAME = AccentColor;
				CODE_SIGN_STYLE = Automatic;
				CURRENT_PROJECT_VERSION = 1;
				DEVELOPMENT_ASSET_PATHS = "\"AFL3-0706012110020-DavinaTW-PoS/Preview Content\"";
				DEVELOPMENT_TEAM = 6YXM35L8X4;
				ENABLE_PREVIEWS = YES;
				GENERATE_INFOPLIST_FILE = YES;
				INFOPLIST_KEY_UIApplicationSceneManifest_Generation = YES;
				INFOPLIST_KEY_UIApplicationSupportsIndirectInputEvents = YES;
				INFOPLIST_KEY_UILaunchScreen_Generation = YES;
				INFOPLIST_KEY_UISupportedInterfaceOrientations_iPad = "UIInterfaceOrientationPortrait UIInterfaceOrientationPortraitUpsideDown UIInterfaceOrientationLandscapeLeft UIInterfaceOrientationLandscapeRight";
				INFOPLIST_KEY_UISupportedInterfaceOrientations_iPhone = "UIInterfaceOrientationPortrait UIInterfaceOrientationLandscapeLeft UIInterfaceOrientationLandscapeRight";
				LD_RUNPATH_SEARCH_PATHS = (
					"$(inherited)",
					"@executable_path/Frameworks",
				);
				MARKETING_VERSION = 1.0;
				PRODUCT_BUNDLE_IDENTIFIER = "com.davinatw.AFL3-0706012110020-DavinaTW-PoS";
				PRODUCT_NAME = "$(TARGET_NAME)";
				SWIFT_EMIT_LOC_STRINGS = YES;
				SWIFT_VERSION = 5.0;
				TARGETED_DEVICE_FAMILY = "1,2";
			};
			name = Debug;
		};
		0461084B29F726BE0069DB75 /* Release */ = {
			isa = XCBuildConfiguration;
			buildSettings = {
				ASSETCATALOG_COMPILER_APPICON_NAME = AppIcon;
				ASSETCATALOG_COMPILER_GLOBAL_ACCENT_COLOR_NAME = AccentColor;
				CODE_SIGN_STYLE = Automatic;
				CURRENT_PROJECT_VERSION = 1;
				DEVELOPMENT_ASSET_PATHS = "\"AFL3-0706012110020-DavinaTW-PoS/Preview Content\"";
				DEVELOPMENT_TEAM = 6YXM35L8X4;
				ENABLE_PREVIEWS = YES;
				GENERATE_INFOPLIST_FILE = YES;
				INFOPLIST_KEY_UIApplicationSceneManifest_Generation = YES;
				INFOPLIST_KEY_UIApplicationSupportsIndirectInputEvents = YES;
				INFOPLIST_KEY_UILaunchScreen_Generation = YES;
				INFOPLIST_KEY_UISupportedInterfaceOrientations_iPad = "UIInterfaceOrientationPortrait UIInterfaceOrientationPortraitUpsideDown UIInterfaceOrientationLandscapeLeft UIInterfaceOrientationLandscapeRight";
				INFOPLIST_KEY_UISupportedInterfaceOrientations_iPhone = "UIInterfaceOrientationPortrait UIInterfaceOrientationLandscapeLeft UIInterfaceOrientationLandscapeRight";
				LD_RUNPATH_SEARCH_PATHS = (
					"$(inherited)",
					"@executable_path/Frameworks",
				);
				MARKETING_VERSION = 1.0;
				PRODUCT_BUNDLE_IDENTIFIER = "com.davinatw.AFL3-0706012110020-DavinaTW-PoS";
				PRODUCT_NAME = "$(TARGET_NAME)";
				SWIFT_EMIT_LOC_STRINGS = YES;
				SWIFT_VERSION = 5.0;
				TARGETED_DEVICE_FAMILY = "1,2";
			};
			name = Release;
		};
/* End XCBuildConfiguration section */

/* Begin XCConfigurationList section */
		0461083629F726BC0069DB75 /* Build configuration list for PBXProject "AFL3-0706012110020-DavinaTW-PoS" */ = {
			isa = XCConfigurationList;
			buildConfigurations = (
				0461084729F726BE0069DB75 /* Debug */,
				0461084829F726BE0069DB75 /* Release */,
			);
			defaultConfigurationIsVisible = 0;
			defaultConfigurationName = Release;
		};
		0461084929F726BE0069DB75 /* Build configuration list for PBXNativeTarget "AFL3-0706012110020-DavinaTW-PoS" */ = {
			isa = XCConfigurationList;
			buildConfigurations = (
				0461084A29F726BE0069DB75 /* Debug */,
				0461084B29F726BE0069DB75 /* Release */,
			);
			defaultConfigurationIsVisible = 0;
			defaultConfigurationName = Release;
		};
/* End XCConfigurationList section */
	};
	rootObject = 0461083329F726BC0069DB75 /* Project object */;
}
